{
  "name": "tara-ai-market-intelligence",
  "version": "3.2.1",
  "lockfileVersion": 3,
  "requires": true,
  "packages": {
    "": {
      "name": "tara-ai-market-intelligence",
      "version": "3.2.1",
      "dependencies": {
        "cors": "^2.8.5",
        "express": "^4.19.2",
        "express-rate-limit": "^7.5.0",
        "helmet": "^8.1.0",
        "pg": "^8.16.3"
      }
    }
  }
}
